# THIS IS AN AUTOGENERATED FILE. DO NOT EDIT THIS FILE DIRECTLY.
# yarn lockfile v1


execution-time@^1.3.0:
  version "1.3.0"
  resolved "https://registry.yarnpkg.com/execution-time/-/execution-time-1.3.0.tgz#39ea4eb7feac903024b166ab0a7065cc87080aee"
  integrity sha512-r0cFNI/v6XMK7sipeJ23DwL2EvRro8T8JaVAAn+LbvctYTQ/gBhbTw/6FnC8pBXMgcvJ4Q8o3hNlAzUgE2R0yg==
  dependencies:
    pretty-hrtime "^1.0.3"

pretty-hrtime@^1.0.3:
  version "1.0.3"
  resolved "https://registry.yarnpkg.com/pretty-hrtime/-/pretty-hrtime-1.0.3.tgz#b7e3ea42435a4c9b2759d99e0f201eb195802ee1"
  integrity sha1-t+PqQkNaTJsnWdmeDyAesZWALuE=
